// !$*UTF8*$!
{
	archiveVersion = 1;
	classes = {
	};
	objectVersion = 50;
	objects = {

/* Begin PBXBuildFile section */
		5FD0344025DD95AE00ADA904 /* Programming_Notebook_LITEApp.swift in Sources */ = {isa = PBXBuildFile; fileRef = 5FD0343F25DD95AE00ADA904 /* Programming_Notebook_LITEApp.swift */; };
		5FD0344225DD95AE00ADA904 /* ContentView.swift in Sources */ = {isa = PBXBuildFile; fileRef = 5FD0344125DD95AE00ADA904 /* ContentView.swift */; };
		5FD0344425DD95B000ADA904 /* Assets.xcassets in Resources */ = {isa = PBXBuildFile; fileRef = 5FD0344325DD95B000ADA904 /* Assets.xcassets */; };
		5FD0344725DD95B000ADA904 /* Preview Assets.xcassets in Resources */ = {isa = PBXBuildFile; fileRef = 5FD0344625DD95B000ADA904 /* Preview Assets.xcassets */; };
/* End PBXBuildFile section */

/* Begin PBXFileReference section */
		5FD0343C25DD95AE00ADA904 /* Programming Notebook LITE.app */ = {isa = PBXFileReference; explicitFileType = wrapper.application; includeInIndex = 0; path = "Programming Notebook LITE.app"; sourceTree = BUILT_PRODUCTS_DIR; };
		5FD0343F25DD95AE00ADA904 /* Programming_Notebook_LITEApp.swift */ = {isa = PBXFileReference; lastKnownFileType = sourcecode.swift; path = Programming_Notebook_LITEApp.swift; sourceTree = "<group>"; };
		5FD0344125DD95AE00ADA904 /* ContentView.swift */ = {isa = PBXFileReference; lastKnownFileType = sourcecode.swift; path = ContentView.swift; sourceTree = "<group>"; };
		5FD0344325DD95B000ADA904 /* Assets.xcassets */ = {isa = PBXFileReference; lastKnownFileType = folder.assetcatalog; path = Assets.xcassets; sourceTree = "<group>"; };
		5FD0344625DD95B000ADA904 /* Preview Assets.xcassets */ = {isa = PBXFileReference; lastKnownFileType = folder.assetcatalog; path = "Preview Assets.xcassets"; sourceTree = "<group>"; };
		5FD0344825DD95B000ADA904 /* Info.plist */ = {isa = PBXFileReference; lastKnownFileType = text.plist.xml; path = Info.plist; sourceTree = "<group>"; };
/* End PBXFileReference section */

/* Begin PBXFrameworksBuildPhase section */
		5FD0343925DD95AE00ADA904 /* Frameworks */ = {
			isa = PBXFrameworksBuildPhase;
			buildActionMask = 2147483647;
			files = (
			);
			runOnlyForDeploymentPostprocessing = 0;
		};
/* End PBXFrameworksBuildPhase section */

/* Begin PBXGroup section */
		5FD0343325DD95AE00ADA904 = {
			isa = PBXGroup;
			children = (
				5FD0343E25DD95AE00ADA904 /* Programming Notebook LITE */,
				5FD0343D25DD95AE00ADA904 /* Products */,
			);
			sourceTree = "<group>";
		};
		5FD0343D25DD95AE00ADA904 /* Products */ = {
			isa = PBXGroup;
			children = (
				5FD0343C25DD95AE00ADA904 /* Programming Notebook LITE.app */,
			);
			name = Products;
			sourceTree = "<group>";
		};
		5FD0343E25DD95AE00ADA904 /* Programming Notebook LITE */ = {
			isa = PBXGroup;
			children = (
				5FD0343F25DD95AE00ADA904 /* Programming_Notebook_LITEApp.swift */,
				5FD0344125DD95AE00ADA904 /* ContentView.swift */,
				5FD0344325DD95B000ADA904 /* Assets.xcassets */,
				5FD0344825DD95B000ADA904 /* Info.plist */,
				5FD0344525DD95B000ADA904 /* Preview Content */,
			);
			path = "Programming Notebook LITE";
			sourceTree = "<group>";
		};
		5FD0344525DD95B000ADA904 /* Preview Content */ = {
			isa = PBXGroup;
			children = (
				5FD0344625DD95B000ADA904 /* Preview Assets.xcassets */,
			);
			path = "Preview Content";
			sourceTree = "<group>";
		};
/* End PBXGroup section */

/* Begin PBXNativeTarget section */
		5FD0343B25DD95AE00ADA904 /* Programming Notebook LITE */ = {
			isa = PBXNativeTarget;
			buildConfigurationList = 5FD0344B25DD95B000ADA904 /* Build configuration list for PBXNativeTarget "Programming Notebook LITE" */;
			buildPhases = (
				5FD0343825DD95AE00ADA904 /* Sources */,
				5FD0343925DD95AE00ADA904 /* Frameworks */,
				5FD0343A25DD95AE00ADA904 /* Resources */,
			);
			buildRules = (
			);
			dependencies = (
			);
			name = "Programming Notebook LITE";
			productName = "Programming Notebook LITE";
			productReference = 5FD0343C25DD95AE00ADA904 /* Programming Notebook LITE.app */;
			productType = "com.apple.product-type.application";
		};
/* End PBXNativeTarget section */

/* Begin PBXProject section */
		5FD0343425DD95AE00ADA904 /* Project object */ = {
			isa = PBXProject;
			attributes = {
				LastSwiftUpdateCheck = 1240;
				LastUpgradeCheck = 1240;
				TargetAttributes = {
					5FD0343B25DD95AE00ADA904 = {
						CreatedOnToolsVersion = 12.4;
					};
				};
			};
			buildConfigurationList = 5FD0343725DD95AE00ADA904 /* Build configuration list for PBXProject "Programming Notebook LITE" */;
			compatibilityVersion = "Xcode 9.3";
			developmentRegion = en;
			hasScannedForEncodings = 0;
			knownRegions = (
				en,
				Base,
			);
			mainGroup = 5FD0343325DD95AE00ADA904;
			productRefGroup = 5FD0343D25DD95AE00ADA904 /* Products */;
			projectDirPath = "";
			projectRoot = "";
			targets = (
				5FD0343B25DD95AE00ADA904 /* Programming Notebook LITE */,
			);
		};
/* End PBXProject section */

/* Begin PBXResourcesBuildPhase section */
		5FD0343A25DD95AE00ADA904 /* Resources */ = {
			isa = PBXResourcesBuildPhase;
			buildActionMask = 2147483647;
			files = (
				5FD0344725DD95B000ADA904 /* Preview Assets.xcassets in Resources */,
				5FD0344425DD95B000ADA904 /* Assets.xcassets in Resources */,
			);
			runOnlyForDeploymentPostprocessing = 0;
		};
/* End PBXResourcesBuildPhase section */

/* Begin PBXSourcesBuildPhase section */
		5FD0343825DD95AE00ADA904 /* Sources */ = {
			isa = PBXSourcesBuildPhase;
			buildActionMask = 2147483647;
			files = (
				5FD0344225DD95AE00ADA904 /* ContentView.swift in Sources */,
				5FD0344025DD95AE00ADA904 /* Programming_Notebook_LITEApp.swift in Sources */,
			);
			runOnlyForDeploymentPostprocessing = 0;
		};
/* End PBXSourcesBuildPhase section */

/* Begin XCBuildConfiguration section */
		5FD0344925DD95B000ADA904 /* Debug */ = {
			isa = XCBuildConfiguration;
			buildSettings = {
				ALWAYS_SEARCH_USER_PATHS = NO;
				CLANG_ANALYZER_NONNULL = YES;
				CLANG_ANALYZER_NUMBER_OBJECT_CONVERSION = YES_AGGRESSIVE;
				CLANG_CXX_LANGUAGE_STANDARD = "gnu++14";
				CLANG_CXX_LIBRARY = "libc++";
				CLANG_ENABLE_MODULES = YES;
				CLANG_ENABLE_OBJC_ARC = YES;
				CLANG_ENABLE_OBJC_WEAK = YES;
				CLANG_WARN_BLOCK_CAPTURE_AUTORELEASING = YES;
				CLANG_WARN_BOOL_CONVERSION = YES;
				CLANG_WARN_COMMA = YES;
				CLANG_WARN_CONSTANT_CONVERSION = YES;
				CLANG_WARN_DEPRECATED_OBJC_IMPLEMENTATIONS = YES;
				CLANG_WARN_DIRECT_OBJC_ISA_USAGE = YES_ERROR;
				CLANG_WARN_DOCUMENTATION_COMMENTS = YES;
				CLANG_WARN_EMPTY_BODY = YES;
				CLANG_WARN_ENUM_CONVERSION = YES;
				CLANG_WARN_INFINITE_RECURSION = YES;
				CLANG_WARN_INT_CONVERSION = YES;
				CLANG_WARN_NON_LITERAL_NULL_CONVERSION = YES;
				CLANG_WARN_OBJC_IMPLICIT_RETAIN_SELF = YES;
				CLANG_WARN_OBJC_LITERAL_CONVERSION = YES;
				CLANG_WARN_OBJC_ROOT_CLASS = YES_ERROR;
				CLANG_WARN_QUOTED_INCLUDE_IN_FRAMEWORK_HEADER = YES;
				CLANG_WARN_RANGE_LOOP_ANALYSIS = YES;
				CLANG_WARN_STRICT_PROTOTYPES = YES;
				CLANG_WARN_SUSPICIOUS_MOVE = YES;
				CLANG_WARN_UNGUARDED_AVAILABILITY = YES_AGGRESSIVE;
				CLANG_WARN_UNREACHABLE_CODE = YES;
				CLANG_WARN__DUPLICATE_METHOD_MATCH = YES;
				COPY_PHASE_STRIP = NO;
				DEBUG_INFORMATION_FORMAT = dwarf;
				ENABLE_STRICT_OBJC_MSGSEND = YES;
				ENABLE_TESTABILITY = YES;
				GCC_C_LANGUAGE_STANDARD = gnu11;
				GCC_DYNAMIC_NO_PIC = NO;
				GCC_NO_COMMON_BLOCKS = YES;
				GCC_OPTIMIZATION_LEVEL = 0;
				GCC_PREPROCESSOR_DEFINITIONS = (
					"DEBUG=1",
					"$(inherited)",
				);
				GCC_WARN_64_TO_32_BIT_CONVERSION = YES;
				GCC_WARN_ABOUT_RETURN_TYPE = YES_ERROR;
				GCC_WARN_UNDECLARED_SELECTOR = YES;
				GCC_WARN_UNINITIALIZED_AUTOS = YES_AGGRESSIVE;
				GCC_WARN_UNUSED_FUNCTION = YES;
				GCC_WARN_UNUSED_VARIABLE = YES;
				IPHONEOS_DEPLOYMENT_TARGET = 14.4;
				MTL_ENABLE_DEBUG_INFO = INCLUDE_SOURCE;
				MTL_FAST_MATH = YES;
				ONLY_ACTIVE_ARCH = YES;
				SDKROOT = iphoneos;
				SWIFT_ACTIVE_COMPILATION_CONDITIONS = DEBUG;
				SWIFT_OPTIMIZATION_LEVEL = "-Onone";
			};
			name = Debug;
		};
		5FD0344A25DD95B000ADA904 /* Release */ = {
			isa = XCBuildConfiguration;
			buildSettings = {
				ALWAYS_SEARCH_USER_PATHS = NO;
				CLANG_ANALYZER_NONNULL = YES;
				CLANG_ANALYZER_NUMBER_OBJECT_CONVERSION = YES_AGGRESSIVE;
				CLANG_CXX_LANGUAGE_STANDARD = "gnu++14";
				CLANG_CXX_LIBRARY = "libc++";
				CLANG_ENABLE_MODULES = YES;
				CLANG_ENABLE_OBJC_ARC = YES;
				CLANG_ENABLE_OBJC_WEAK = YES;
				CLANG_WARN_BLOCK_CAPTURE_AUTORELEASING = YES;
				CLANG_WARN_BOOL_CONVERSION = YES;
				CLANG_WARN_COMMA = YES;
				CLANG_WARN_CONSTANT_CONVERSION = YES;
				CLANG_WARN_DEPRECATED_OBJC_IMPLEMENTATIONS = YES;
				CLANG_WARN_DIRECT_OBJC_ISA_USAGE = YES_ERROR;
				CLANG_WARN_DOCUMENTATION_COMMENTS = YES;
				CLANG_WARN_EMPTY_BODY = YES;
				CLANG_WARN_ENUM_CONVERSION = YES;
				CLANG_WARN_INFINITE_RECURSION = YES;
				CLANG_WARN_INT_CONVERSION = YES;
				CLANG_WARN_NON_LITERAL_NULL_CONVERSION = YES;
				CLANG_WARN_OBJC_IMPLICIT_RETAIN_SELF = YES;
				CLANG_WARN_OBJC_LITERAL_CONVERSION = YES;
				CLANG_WARN_OBJC_ROOT_CLASS = YES_ERROR;
				CLANG_WARN_QUOTED_INCLUDE_IN_FRAMEWORK_HEADER = YES;
				CLANG_WARN_RANGE_LOOP_ANALYSIS = YES;
				CLANG_WARN_STRICT_PROTOTYPES = YES;
				CLANG_WARN_SUSPICIOUS_MOVE = YES;
				CLANG_WARN_UNGUARDED_AVAILABILITY = YES_AGGRESSIVE;
				CLANG_WARN_UNREACHABLE_CODE = YES;
				CLANG_WARN__DUPLICATE_METHOD_MATCH = YES;
				COPY_PHASE_STRIP = NO;
				DEBUG_INFORMATION_FORMAT = "dwarf-with-dsym";
				ENABLE_NS_ASSERTIONS = NO;
				ENABLE_STRICT_OBJC_MSGSEND = YES;
				GCC_C_LANGUAGE_STANDARD = gnu11;
				GCC_NO_COMMON_BLOCKS = YES;
				GCC_WARN_64_TO_32_BIT_CONVERSION = YES;
				GCC_WARN_ABOUT_RETURN_TYPE = YES_ERROR;
				GCC_WARN_UNDECLARED_SELECTOR = YES;
				GCC_WARN_UNINITIALIZED_AUTOS = YES_AGGRESSIVE;
				GCC_WARN_UNUSED_FUNCTION = YES;
				GCC_WARN_UNUSED_VARIABLE = YES;
				IPHONEOS_DEPLOYMENT_TARGET = 14.4;
				MTL_ENABLE_DEBUG_INFO = NO;
				MTL_FAST_MATH = YES;
				SDKROOT = iphoneos;
				SWIFT_COMPILATION_MODE = wholemodule;
				SWIFT_OPTIMIZATION_LEVEL = "-O";
				VALIDATE_PRODUCT = YES;
			};
			name = Release;
		};
		5FD0344C25DD95B000ADA904 /* Debug */ = {
			isa = XCBuildConfiguration;
			buildSettings = {
				ASSETCATALOG_COMPILER_APPICON_NAME = AppIcon;
				ASSETCATALOG_COMPILER_GLOBAL_ACCENT_COLOR_NAME = AccentColor;
				CODE_SIGN_STYLE = Automatic;
				DEVELOPMENT_ASSET_PATHS = "\"Programming Notebook LITE/Preview Content\"";
				DEVELOPMENT_TEAM = C2L5Z6W3MC;
				ENABLE_PREVIEWS = YES;
				INFOPLIST_FILE = "Programming Notebook LITE/Info.plist";
				IPHONEOS_DEPLOYMENT_TARGET = 14.0;
				LD_RUNPATH_SEARCH_PATHS = (
					"$(inherited)",
					"@executable_path/Frameworks",
				);
				PRODUCT_BUNDLE_IDENTIFIER = "com.appconda.Programming-Notebook-LITE";
				PRODUCT_NAME = "$(TARGET_NAME)";
				SWIFT_VERSION = 5.0;
				TARGETED_DEVICE_FAMILY = "1,2";
			};
			name = Debug;
		};
		5FD0344D25DD95B000ADA904 /* Release */ = {
			isa = XCBuildConfiguration;
			buildSettings = {
				ASSETCATALOG_COMPILER_APPICON_NAME = AppIcon;
				ASSETCATALOG_COMPILER_GLOBAL_ACCENT_COLOR_NAME = AccentColor;
				CODE_SIGN_STYLE = Automatic;
				DEVELOPMENT_ASSET_PATHS = "\"Programming Notebook LITE/Preview Content\"";
				DEVELOPMENT_TEAM = C2L5Z6W3MC;
				ENABLE_PREVIEWS = YES;
				INFOPLIST_FILE = "Programming Notebook LITE/Info.plist";
				IPHONEOS_DEPLOYMENT_TARGET = 14.0;
				LD_RUNPATH_SEARCH_PATHS = (
					"$(inherited)",
					"@executable_path/Frameworks",
				);
				PRODUCT_BUNDLE_IDENTIFIER = "com.appconda.Programming-Notebook-LITE";
				PRODUCT_NAME = "$(TARGET_NAME)";
				SWIFT_VERSION = 5.0;
				TARGETED_DEVICE_FAMILY = "1,2";
			};
			name = Release;
		};
/* End XCBuildConfiguration section */

/* Begin XCConfigurationList section */
		5FD0343725DD95AE00ADA904 /* Build configuration list for PBXProject "Programming Notebook LITE" */ = {
			isa = XCConfigurationList;
			buildConfigurations = (
				5FD0344925DD95B000ADA904 /* Debug */,
				5FD0344A25DD95B000ADA904 /* Release */,
			);
			defaultConfigurationIsVisible = 0;
			defaultConfigurationName = Release;
		};
		5FD0344B25DD95B000ADA904 /* Build configuration list for PBXNativeTarget "Programming Notebook LITE" */ = {
			isa = XCConfigurationList;
			buildConfigurations = (
				5FD0344C25DD95B000ADA904 /* Debug */,
				5FD0344D25DD95B000ADA904 /* Release */,
			);
			defaultConfigurationIsVisible = 0;
			defaultConfigurationName = Release;
		};
/* End XCConfigurationList section */
	};
	rootObject = 5FD0343425DD95AE00ADA904 /* Project object */;
}
